# THIS IS AN AUTOGENERATED FILE. DO NOT EDIT THIS FILE DIRECTLY.
# yarn lockfile v1


crunker@^0.2.0:
  version "0.2.0"
  resolved "https://registry.yarnpkg.com/crunker/-/crunker-0.2.0.tgz#1b7b0c13fa8bdefadb76bf05f944ee7a4c0bbac7"
  integrity sha512-qYHiKXhZTM/iKZ6vfokTvWIarwjg0rJ7/Wb4M6Xizetgs4o9+L3qZAs3ftCdQb/lsYBBdKVHgH0M4RwMxYu4Zg==
